
Microsoft Visual Studio Solution File, Format Version 12.00
# Visual Studio Version 16
VisualStudioVersion = 16.0.32630.194
MinimumVisualStudioVersion = 10.0.40219.1
Project("{FAE04EC0-301F-11D3-BF4B-00C04F79EFBC}") = "XmlDemo", "XmlDemo\XmlDemo.csproj", "{4E85639D-EC08-4BDD-BFC2-D9ED689386EF}"
EndProject
Global
	GlobalSection(SolutionConfigurationPlatforms) = preSolution
		Debug|Any CPU = Debug|Any CPU
		Release|Any CPU = Release|Any CPU
	EndGlobalSection
	GlobalSection(ProjectConfigurationPlatforms) = postSolution
		{4E85639D-EC08-4BDD-BFC2-D9ED689386EF}.Debug|Any CPU.ActiveCfg = Debug|Any CPU
		{4E85639D-EC08-4BDD-BFC2-D9ED689386EF}.Debug|Any CPU.Build.0 = Debug|Any CPU
		{4E85639D-EC08-4BDD-BFC2-D9ED689386EF}.Release|Any CPU.ActiveCfg = Release|Any CPU
		{4E85639D-EC08-4BDD-BFC2-D9ED689386EF}.Release|Any CPU.Build.0 = Release|Any CPU
	EndGlobalSection
	GlobalSection(SolutionProperties) = preSolution
		HideSolutionNode = FALSE
	EndGlobalSection
	GlobalSection(ExtensibilityGlobals) = postSolution
		SolutionGuid = {DCE53377-2135-4F44-BA6F-F347F167A962}
	EndGlobalSection
EndGlobal
